
Microsoft Visual Studio Solution File, Format Version 12.00
# Visual Studio 2012
Project("{FAE04EC0-301F-11D3-BF4B-00C04F79EFBC}") = "TexyBoxTest_v1.1", "TexyBoxTest_v1.1\TexyBoxTest_v1.1.csproj", "{D1802396-4C3B-43B5-B66B-444706A20603}"
EndProject
Global
	GlobalSection(TeamFoundationVersionControl) = preSolution
		SccNumberOfProjects = 2
		SccEnterpriseProvider = {4CA58AB2-18FA-4F8D-95D4-32DDF27D184C}
		SccTeamFoundationServer = https://sayles.visualstudio.com/defaultcollection
		SccLocalPath0 = .
		SccProjectUniqueName1 = TexyBoxTest_v1.1\\TexyBoxTest_v1.1.csproj
		SccProjectName1 = TexyBoxTest_v1.1
		SccLocalPath1 = TexyBoxTest_v1.1
	EndGlobalSection
	GlobalSection(SolutionConfigurationPlatforms) = preSolution
		Debug|Any CPU = Debug|Any CPU
		Release|Any CPU = Release|Any CPU
	EndGlobalSection
	GlobalSection(ProjectConfigurationPlatforms) = postSolution
		{D1802396-4C3B-43B5-B66B-444706A20603}.Debug|Any CPU.ActiveCfg = Debug|Any CPU
		{D1802396-4C3B-43B5-B66B-444706A20603}.Debug|Any CPU.Build.0 = Debug|Any CPU
		{D1802396-4C3B-43B5-B66B-444706A20603}.Release|Any CPU.ActiveCfg = Release|Any CPU
		{D1802396-4C3B-43B5-B66B-444706A20603}.Release|Any CPU.Build.0 = Release|Any CPU
	EndGlobalSection
	GlobalSection(SolutionProperties) = preSolution
		HideSolutionNode = FALSE
	EndGlobalSection
EndGlobal
