
Microsoft Visual Studio Solution File, Format Version 12.00
# Visual Studio 2012
Project("{FAE04EC0-301F-11D3-BF4B-00C04F79EFBC}") = "Ch06Ex04", "Ch06Ex01\Ch06Ex04.csproj", "{1174ED4E-9716-49D9-A89E-8DAF346589EC}"
EndProject
Global
	GlobalSection(SolutionConfigurationPlatforms) = preSolution
		Debug|Any CPU = Debug|Any CPU
		Release|Any CPU = Release|Any CPU
	EndGlobalSection
	GlobalSection(ProjectConfigurationPlatforms) = postSolution
		{1174ED4E-9716-49D9-A89E-8DAF346589EC}.Debug|Any CPU.ActiveCfg = Debug|Any CPU
		{1174ED4E-9716-49D9-A89E-8DAF346589EC}.Debug|Any CPU.Build.0 = Debug|Any CPU
		{1174ED4E-9716-49D9-A89E-8DAF346589EC}.Release|Any CPU.ActiveCfg = Release|Any CPU
		{1174ED4E-9716-49D9-A89E-8DAF346589EC}.Release|Any CPU.Build.0 = Release|Any CPU
	EndGlobalSection
	GlobalSection(SolutionProperties) = preSolution
		HideSolutionNode = FALSE
	EndGlobalSection
EndGlobal
