
Microsoft Visual Studio Solution File, Format Version 12.00
# Visual Studio 2013
VisualStudioVersion = 12.0.31101.0
MinimumVisualStudioVersion = 10.0.40219.1
Project("{FAE04EC0-301F-11D3-BF4B-00C04F79EFBC}") = "EventRegistrationWeb", "EventRegistrationWeb\EventRegistrationWeb.csproj", "{09C89CA7-EDE5-4553-B511-B09026D0ACFD}"
EndProject
Global
	GlobalSection(SolutionConfigurationPlatforms) = preSolution
		Debug|Any CPU = Debug|Any CPU
		Release|Any CPU = Release|Any CPU
	EndGlobalSection
	GlobalSection(ProjectConfigurationPlatforms) = postSolution
		{09C89CA7-EDE5-4553-B511-B09026D0ACFD}.Debug|Any CPU.ActiveCfg = Debug|Any CPU
		{09C89CA7-EDE5-4553-B511-B09026D0ACFD}.Debug|Any CPU.Build.0 = Debug|Any CPU
		{09C89CA7-EDE5-4553-B511-B09026D0ACFD}.Release|Any CPU.ActiveCfg = Release|Any CPU
		{09C89CA7-EDE5-4553-B511-B09026D0ACFD}.Release|Any CPU.Build.0 = Release|Any CPU
	EndGlobalSection
	GlobalSection(SolutionProperties) = preSolution
		HideSolutionNode = FALSE
	EndGlobalSection
	GlobalSection(MonoDevelopProperties) = preSolution
		StartupItem = EventRegistrationWeb\EventRegistrationWeb.csproj
		Policies = $0
		$0.DotNetNamingPolicy = $1
		$1.DirectoryNamespaceAssociation = None
		$1.ResourceNamePolicy = FileFormatDefault
		$0.TextStylePolicy = $9
		$2.inheritsSet = VisualStudio
		$2.inheritsScope = text/plain
		$2.scope = application/x-asax
		$3.inheritsSet = VisualStudio
		$3.inheritsScope = text/plain
		$3.scope = text/plain
		$4.inheritsSet = null
		$4.scope = application/config+xml
		$0.XmlFormattingPolicy = $7
		$5.inheritsSet = null
		$5.scope = application/config+xml
		$6.inheritsSet = null
		$6.scope = application/xml
		$7.inheritsSet = Mono
		$7.inheritsScope = application/xml
		$7.scope = application/xml
		$8.inheritsSet = VisualStudio
		$8.inheritsScope = text/plain
		$8.scope = application/x-aspx
		$9.inheritsSet = VisualStudio
		$9.inheritsScope = text/plain
		$9.scope = text/x-csharp
		$0.CSharpFormattingPolicy = $10
		$10.IndentSwitchBody = True
		$10.AnonymousMethodBraceStyle = NextLine
		$10.PropertyBraceStyle = NextLine
		$10.PropertyGetBraceStyle = NextLine
		$10.PropertySetBraceStyle = NextLine
		$10.EventBraceStyle = NextLine
		$10.EventAddBraceStyle = NextLine
		$10.EventRemoveBraceStyle = NextLine
		$10.StatementBraceStyle = NextLine
		$10.ArrayInitializerBraceStyle = NextLine
		$10.BeforeMethodDeclarationParentheses = False
		$10.BeforeMethodCallParentheses = False
		$10.BeforeConstructorDeclarationParentheses = False
		$10.BeforeDelegateDeclarationParentheses = False
		$10.NewParentheses = False
		$10.inheritsSet = Mono
		$10.inheritsScope = text/x-csharp
		$10.scope = text/x-csharp
		$0.NameConventionPolicy = $11
		$11.Rules = $12
		$12.NamingRule = $37
		$13.Name = Namespaces
		$13.AffectedEntity = Namespace
		$13.VisibilityMask = VisibilityMask
		$13.NamingStyle = PascalCase
		$13.IncludeInstanceMembers = True
		$13.IncludeStaticEntities = True
		$14.Name = Types
		$14.AffectedEntity = Class, Struct, Enum, Delegate
		$14.VisibilityMask = VisibilityMask
		$14.NamingStyle = PascalCase
		$14.IncludeInstanceMembers = True
		$14.IncludeStaticEntities = True
		$15.Name = Interfaces
		$15.RequiredPrefixes = $16
		$16.String = I
		$15.AffectedEntity = Interface
		$15.VisibilityMask = VisibilityMask
		$15.NamingStyle = PascalCase
		$15.IncludeInstanceMembers = True
		$15.IncludeStaticEntities = True
		$17.Name = Attributes
		$17.RequiredSuffixes = $18
		$18.String = Attribute
		$17.AffectedEntity = CustomAttributes
		$17.VisibilityMask = VisibilityMask
		$17.NamingStyle = PascalCase
		$17.IncludeInstanceMembers = True
		$17.IncludeStaticEntities = True
		$19.Name = Event Arguments
		$19.RequiredSuffixes = $20
		$20.String = EventArgs
		$19.AffectedEntity = CustomEventArgs
		$19.VisibilityMask = VisibilityMask
		$19.NamingStyle = PascalCase
		$19.IncludeInstanceMembers = True
		$19.IncludeStaticEntities = True
		$21.Name = Exceptions
		$21.RequiredSuffixes = $22
		$22.String = Exception
		$21.AffectedEntity = CustomExceptions
		$21.VisibilityMask = VisibilityMask
		$21.NamingStyle = PascalCase
		$21.IncludeInstanceMembers = True
		$21.IncludeStaticEntities = True
		$23.Name = Methods
		$23.AffectedEntity = Methods
		$23.VisibilityMask = VisibilityMask
		$23.NamingStyle = PascalCase
		$23.IncludeInstanceMembers = True
		$23.IncludeStaticEntities = True
		$24.Name = Static Readonly Fields
		$24.AffectedEntity = ReadonlyField
		$24.VisibilityMask = Internal, Protected, Public
		$24.NamingStyle = PascalCase
		$24.IncludeInstanceMembers = False
		$24.IncludeStaticEntities = True
		$25.Name = Fields (Non Private)
		$25.AffectedEntity = Field
		$25.VisibilityMask = Internal, Protected, Public
		$25.NamingStyle = PascalCase
		$25.IncludeInstanceMembers = True
		$25.IncludeStaticEntities = True
		$26.Name = ReadOnly Fields (Non Private)
		$26.AffectedEntity = ReadonlyField
		$26.VisibilityMask = Internal, Protected, Public
		$26.NamingStyle = PascalCase
		$26.IncludeInstanceMembers = True
		$26.IncludeStaticEntities = False
		$27.Name = Fields (Private)
		$27.AllowedPrefixes = $28
		$28.String = m_
		$27.AffectedEntity = Field, ReadonlyField
		$27.VisibilityMask = Private
		$27.NamingStyle = CamelCase
		$27.IncludeInstanceMembers = True
		$27.IncludeStaticEntities = False
		$29.Name = Static Fields (Private)
		$29.AffectedEntity = Field
		$29.VisibilityMask = Private
		$29.NamingStyle = CamelCase
		$29.IncludeInstanceMembers = False
		$29.IncludeStaticEntities = True
		$30.Name = ReadOnly Fields (Private)
		$30.AllowedPrefixes = $31
		$31.String = m_
		$30.AffectedEntity = ReadonlyField
		$30.VisibilityMask = Private
		$30.NamingStyle = CamelCase
		$30.IncludeInstanceMembers = True
		$30.IncludeStaticEntities = False
		$32.Name = Constant Fields
		$32.AffectedEntity = ConstantField
		$32.VisibilityMask = VisibilityMask
		$32.NamingStyle = PascalCase
		$32.IncludeInstanceMembers = True
		$32.IncludeStaticEntities = True
		$33.Name = Properties
		$33.AffectedEntity = Property
		$33.VisibilityMask = VisibilityMask
		$33.NamingStyle = PascalCase
		$33.IncludeInstanceMembers = True
		$33.IncludeStaticEntities = True
		$34.Name = Events
		$34.AffectedEntity = Event
		$34.VisibilityMask = VisibilityMask
		$34.NamingStyle = PascalCase
		$34.IncludeInstanceMembers = True
		$34.IncludeStaticEntities = True
		$35.Name = Enum Members
		$35.AffectedEntity = EnumMember
		$35.VisibilityMask = VisibilityMask
		$35.NamingStyle = PascalCase
		$35.IncludeInstanceMembers = True
		$35.IncludeStaticEntities = True
		$36.Name = Parameters
		$36.AffectedEntity = Parameter
		$36.VisibilityMask = VisibilityMask
		$36.NamingStyle = CamelCase
		$36.IncludeInstanceMembers = True
		$36.IncludeStaticEntities = True
		$37.Name = Type Parameters
		$37.RequiredPrefixes = $38
		$38.String = T
		$37.AffectedEntity = TypeParameter
		$37.VisibilityMask = VisibilityMask
		$37.NamingStyle = PascalCase
		$37.IncludeInstanceMembers = True
		$37.IncludeStaticEntities = True
		$0.VersionControlPolicy = $39
		$39.inheritsSet = Mono
		$0.ChangeLogPolicy = $40
		$40.UpdateMode = None
		$40.MessageStyle = $41
		$41.LineAlign = 0
		$40.inheritsSet = Mono
	EndGlobalSection
EndGlobal
