
Microsoft Visual Studio Solution File, Format Version 12.00
# Visual Studio 2012
Project("{FAE04EC0-301F-11D3-BF4B-00C04F79EFBC}") = "Ch14Ex02", "Ch14Ex02\Ch14Ex02.csproj", "{46C4F3EB-881A-4585-8260-89F34A2F2A3B}"
EndProject
Global
	GlobalSection(SolutionConfigurationPlatforms) = preSolution
		Debug|Any CPU = Debug|Any CPU
		Release|Any CPU = Release|Any CPU
	EndGlobalSection
	GlobalSection(ProjectConfigurationPlatforms) = postSolution
		{46C4F3EB-881A-4585-8260-89F34A2F2A3B}.Debug|Any CPU.ActiveCfg = Debug|Any CPU
		{46C4F3EB-881A-4585-8260-89F34A2F2A3B}.Debug|Any CPU.Build.0 = Debug|Any CPU
		{46C4F3EB-881A-4585-8260-89F34A2F2A3B}.Release|Any CPU.ActiveCfg = Release|Any CPU
		{46C4F3EB-881A-4585-8260-89F34A2F2A3B}.Release|Any CPU.Build.0 = Release|Any CPU
	EndGlobalSection
	GlobalSection(SolutionProperties) = preSolution
		HideSolutionNode = FALSE
	EndGlobalSection
EndGlobal
