
Microsoft Visual Studio Solution File, Format Version 12.00
# Visual Studio 2012
Project("{FAE04EC0-301F-11D3-BF4B-00C04F79EFBC}") = "Ch08Ex01", "Ch08Ex01\Ch08Ex01.csproj", "{1667165F-1203-4A6C-A24F-1AEFE2EFB3C4}"
EndProject
Global
	GlobalSection(SolutionConfigurationPlatforms) = preSolution
		Debug|Any CPU = Debug|Any CPU
		Release|Any CPU = Release|Any CPU
	EndGlobalSection
	GlobalSection(ProjectConfigurationPlatforms) = postSolution
		{1667165F-1203-4A6C-A24F-1AEFE2EFB3C4}.Debug|Any CPU.ActiveCfg = Debug|Any CPU
		{1667165F-1203-4A6C-A24F-1AEFE2EFB3C4}.Debug|Any CPU.Build.0 = Debug|Any CPU
		{1667165F-1203-4A6C-A24F-1AEFE2EFB3C4}.Release|Any CPU.ActiveCfg = Release|Any CPU
		{1667165F-1203-4A6C-A24F-1AEFE2EFB3C4}.Release|Any CPU.Build.0 = Release|Any CPU
	EndGlobalSection
	GlobalSection(SolutionProperties) = preSolution
		HideSolutionNode = FALSE
	EndGlobalSection
EndGlobal
