
Microsoft Visual Studio Solution File, Format Version 12.00
# Visual Studio 2012
Project("{FAE04EC0-301F-11D3-BF4B-00C04F79EFBC}") = "Practic", "Practic\Practic.csproj", "{9F7DF617-B2F6-4C0B-A657-BB2D50C934A8}"
EndProject
Project("{FAE04EC0-301F-11D3-BF4B-00C04F79EFBC}") = "Ch10CardLib", "..\Ch10CardLib\Ch10CardLib\Ch10CardLib.csproj", "{9E2F7A10-E95D-4706-9CB4-8D82D1B6D021}"
EndProject
Global
	GlobalSection(SolutionConfigurationPlatforms) = preSolution
		Debug|Any CPU = Debug|Any CPU
		Release|Any CPU = Release|Any CPU
	EndGlobalSection
	GlobalSection(ProjectConfigurationPlatforms) = postSolution
		{9F7DF617-B2F6-4C0B-A657-BB2D50C934A8}.Debug|Any CPU.ActiveCfg = Debug|Any CPU
		{9F7DF617-B2F6-4C0B-A657-BB2D50C934A8}.Debug|Any CPU.Build.0 = Debug|Any CPU
		{9F7DF617-B2F6-4C0B-A657-BB2D50C934A8}.Release|Any CPU.ActiveCfg = Release|Any CPU
		{9F7DF617-B2F6-4C0B-A657-BB2D50C934A8}.Release|Any CPU.Build.0 = Release|Any CPU
		{9E2F7A10-E95D-4706-9CB4-8D82D1B6D021}.Debug|Any CPU.ActiveCfg = Debug|Any CPU
		{9E2F7A10-E95D-4706-9CB4-8D82D1B6D021}.Debug|Any CPU.Build.0 = Debug|Any CPU
		{9E2F7A10-E95D-4706-9CB4-8D82D1B6D021}.Release|Any CPU.ActiveCfg = Release|Any CPU
		{9E2F7A10-E95D-4706-9CB4-8D82D1B6D021}.Release|Any CPU.Build.0 = Release|Any CPU
	EndGlobalSection
	GlobalSection(SolutionProperties) = preSolution
		HideSolutionNode = FALSE
	EndGlobalSection
EndGlobal
