
Microsoft Visual Studio Solution File, Format Version 12.00
# Visual Studio 2012
Project("{FAE04EC0-301F-11D3-BF4B-00C04F79EFBC}") = "Ch14Ex03", "Ch14Ex03\Ch14Ex03.csproj", "{760F00FE-9AA1-43F7-9B65-9C4A5CCF2A9A}"
EndProject
Project("{FAE04EC0-301F-11D3-BF4B-00C04F79EFBC}") = "ExtensionLib", "ExtensionLib\ExtensionLib.csproj", "{DF391EE6-5ACD-4577-9166-7CB8123862EA}"
EndProject
Global
	GlobalSection(SolutionConfigurationPlatforms) = preSolution
		Debug|Any CPU = Debug|Any CPU
		Release|Any CPU = Release|Any CPU
	EndGlobalSection
	GlobalSection(ProjectConfigurationPlatforms) = postSolution
		{760F00FE-9AA1-43F7-9B65-9C4A5CCF2A9A}.Debug|Any CPU.ActiveCfg = Debug|Any CPU
		{760F00FE-9AA1-43F7-9B65-9C4A5CCF2A9A}.Debug|Any CPU.Build.0 = Debug|Any CPU
		{760F00FE-9AA1-43F7-9B65-9C4A5CCF2A9A}.Release|Any CPU.ActiveCfg = Release|Any CPU
		{760F00FE-9AA1-43F7-9B65-9C4A5CCF2A9A}.Release|Any CPU.Build.0 = Release|Any CPU
		{DF391EE6-5ACD-4577-9166-7CB8123862EA}.Debug|Any CPU.ActiveCfg = Debug|Any CPU
		{DF391EE6-5ACD-4577-9166-7CB8123862EA}.Debug|Any CPU.Build.0 = Debug|Any CPU
		{DF391EE6-5ACD-4577-9166-7CB8123862EA}.Release|Any CPU.ActiveCfg = Release|Any CPU
		{DF391EE6-5ACD-4577-9166-7CB8123862EA}.Release|Any CPU.Build.0 = Release|Any CPU
	EndGlobalSection
	GlobalSection(SolutionProperties) = preSolution
		HideSolutionNode = FALSE
	EndGlobalSection
EndGlobal
